// !$*UTF8*$!
{
	archiveVersion = 1;
	classes = {
	};
	objectVersion = 48;
	objects = {

/* Begin PBXBuildFile section */
		57CBAF544F5E95E9BCD753D8 /* Pods_Small_Fb.framework in Frameworks */ = {isa = PBXBuildFile; fileRef = 65EC79476B215EF1F95BBA07 /* Pods_Small_Fb.framework */; };
		763A4F841FA37213003CB885 /* ProfileVC.swift in Sources */ = {isa = PBXBuildFile; fileRef = 763A4F831FA37213003CB885 /* ProfileVC.swift */; };
		763A4F861FA49BB2003CB885 /* ProfilePic.swift in Sources */ = {isa = PBXBuildFile; fileRef = 763A4F851FA49BB2003CB885 /* ProfilePic.swift */; };
		763A4F881FA4BFF4003CB885 /* User.swift in Sources */ = {isa = PBXBuildFile; fileRef = 763A4F871FA4BFF4003CB885 /* User.swift */; };
		7644D9661F97945E00332091 /* SignUpTextField.swift in Sources */ = {isa = PBXBuildFile; fileRef = 7644D9651F97945E00332091 /* SignUpTextField.swift */; };
		7644D9671F97A57100332091 /* Klavika Bold.otf in Resources */ = {isa = PBXBuildFile; fileRef = 7644D9601F9790E000332091 /* Klavika Bold.otf */; };
		7644D9691F97AB2B00332091 /* ShadowButton.swift in Sources */ = {isa = PBXBuildFile; fileRef = 7644D9681F97AB2B00332091 /* ShadowButton.swift */; };
		7644D96B1F97B51500332091 /* PhotoCell.xib in Resources */ = {isa = PBXBuildFile; fileRef = 7644D96A1F97B51500332091 /* PhotoCell.xib */; };
		764D53741FA4D73500896D53 /* ImagePreviewVC.swift in Sources */ = {isa = PBXBuildFile; fileRef = 764D53731FA4D73500896D53 /* ImagePreviewVC.swift */; };
		768201C91F98ADB200F246EB /* DataService.swift in Sources */ = {isa = PBXBuildFile; fileRef = 768201C81F98ADB200F246EB /* DataService.swift */; };
		768201CA1F98AFC800F246EB /* GoogleService-Info.plist in Resources */ = {isa = PBXBuildFile; fileRef = 768201C61F98A9AF00F246EB /* GoogleService-Info.plist */; };
		768201CC1F98B20700F246EB /* FbConnectVC.swift in Sources */ = {isa = PBXBuildFile; fileRef = 768201CB1F98B20700F246EB /* FbConnectVC.swift */; };
		768201CE1F98D60500F246EB /* PhotosVC.swift in Sources */ = {isa = PBXBuildFile; fileRef = 768201CD1F98D60500F246EB /* PhotosVC.swift */; };
		768201D01F98D69E00F246EB /* Photo.swift in Sources */ = {isa = PBXBuildFile; fileRef = 768201CF1F98D69E00F246EB /* Photo.swift */; };
		768201D21F98DAA500F246EB /* PhotoCell.swift in Sources */ = {isa = PBXBuildFile; fileRef = 768201D11F98DAA500F246EB /* PhotoCell.swift */; };
		768201D41F98DEC000F246EB /* Contants.swift in Sources */ = {isa = PBXBuildFile; fileRef = 768201D31F98DEC000F246EB /* Contants.swift */; };
		76A95F0B1F9786CE002749F5 /* AppDelegate.swift in Sources */ = {isa = PBXBuildFile; fileRef = 76A95F0A1F9786CE002749F5 /* AppDelegate.swift */; };
		76A95F0D1F9786CE002749F5 /* SignUpVC.swift in Sources */ = {isa = PBXBuildFile; fileRef = 76A95F0C1F9786CE002749F5 /* SignUpVC.swift */; };
		76A95F101F9786CE002749F5 /* Main.storyboard in Resources */ = {isa = PBXBuildFile; fileRef = 76A95F0E1F9786CE002749F5 /* Main.storyboard */; };
		76A95F121F9786CE002749F5 /* Assets.xcassets in Resources */ = {isa = PBXBuildFile; fileRef = 76A95F111F9786CE002749F5 /* Assets.xcassets */; };
		76A95F151F9786CE002749F5 /* LaunchScreen.storyboard in Resources */ = {isa = PBXBuildFile; fileRef = 76A95F131F9786CE002749F5 /* LaunchScreen.storyboard */; };
/* End PBXBuildFile section */

/* Begin PBXFileReference section */
		65EC79476B215EF1F95BBA07 /* Pods_Small_Fb.framework */ = {isa = PBXFileReference; explicitFileType = wrapper.framework; includeInIndex = 0; path = Pods_Small_Fb.framework; sourceTree = BUILT_PRODUCTS_DIR; };
		763A4F831FA37213003CB885 /* ProfileVC.swift */ = {isa = PBXFileReference; lastKnownFileType = sourcecode.swift; path = ProfileVC.swift; sourceTree = "<group>"; };
		763A4F851FA49BB2003CB885 /* ProfilePic.swift */ = {isa = PBXFileReference; lastKnownFileType = sourcecode.swift; path = ProfilePic.swift; sourceTree = "<group>"; };
		763A4F871FA4BFF4003CB885 /* User.swift */ = {isa = PBXFileReference; lastKnownFileType = sourcecode.swift; path = User.swift; sourceTree = "<group>"; };
		7644D9601F9790E000332091 /* Klavika Bold.otf */ = {isa = PBXFileReference; lastKnownFileType = file; path = "Klavika Bold.otf"; sourceTree = "<group>"; };
		7644D9651F97945E00332091 /* SignUpTextField.swift */ = {isa = PBXFileReference; lastKnownFileType = sourcecode.swift; path = SignUpTextField.swift; sourceTree = "<group>"; };
		7644D9681F97AB2B00332091 /* ShadowButton.swift */ = {isa = PBXFileReference; lastKnownFileType = sourcecode.swift; path = ShadowButton.swift; sourceTree = "<group>"; };
		7644D96A1F97B51500332091 /* PhotoCell.xib */ = {isa = PBXFileReference; lastKnownFileType = file.xib; path = PhotoCell.xib; sourceTree = "<group>"; };
		764D53731FA4D73500896D53 /* ImagePreviewVC.swift */ = {isa = PBXFileReference; lastKnownFileType = sourcecode.swift; path = ImagePreviewVC.swift; sourceTree = "<group>"; };
		768201C61F98A9AF00F246EB /* GoogleService-Info.plist */ = {isa = PBXFileReference; lastKnownFileType = text.plist.xml; path = "GoogleService-Info.plist"; sourceTree = "<group>"; };
		768201C81F98ADB200F246EB /* DataService.swift */ = {isa = PBXFileReference; lastKnownFileType = sourcecode.swift; path = DataService.swift; sourceTree = "<group>"; };
		768201CB1F98B20700F246EB /* FbConnectVC.swift */ = {isa = PBXFileReference; lastKnownFileType = sourcecode.swift; path = FbConnectVC.swift; sourceTree = "<group>"; };
		768201CD1F98D60500F246EB /* PhotosVC.swift */ = {isa = PBXFileReference; lastKnownFileType = sourcecode.swift; path = PhotosVC.swift; sourceTree = "<group>"; };
		768201CF1F98D69E00F246EB /* Photo.swift */ = {isa = PBXFileReference; lastKnownFileType = sourcecode.swift; path = Photo.swift; sourceTree = "<group>"; };
		768201D11F98DAA500F246EB /* PhotoCell.swift */ = {isa = PBXFileReference; lastKnownFileType = sourcecode.swift; path = PhotoCell.swift; sourceTree = "<group>"; };
		768201D31F98DEC000F246EB /* Contants.swift */ = {isa = PBXFileReference; lastKnownFileType = sourcecode.swift; path = Contants.swift; sourceTree = "<group>"; };
		76A95F071F9786CE002749F5 /* Small Fb.app */ = {isa = PBXFileReference; explicitFileType = wrapper.application; includeInIndex = 0; path = "Small Fb.app"; sourceTree = BUILT_PRODUCTS_DIR; };
		76A95F0A1F9786CE002749F5 /* AppDelegate.swift */ = {isa = PBXFileReference; lastKnownFileType = sourcecode.swift; path = AppDelegate.swift; sourceTree = "<group>"; };
		76A95F0C1F9786CE002749F5 /* SignUpVC.swift */ = {isa = PBXFileReference; lastKnownFileType = sourcecode.swift; path = SignUpVC.swift; sourceTree = "<group>"; };
		76A95F0F1F9786CE002749F5 /* Base */ = {isa = PBXFileReference; lastKnownFileType = file.storyboard; name = Base; path = Base.lproj/Main.storyboard; sourceTree = "<group>"; };
		76A95F111F9786CE002749F5 /* Assets.xcassets */ = {isa = PBXFileReference; lastKnownFileType = folder.assetcatalog; path = Assets.xcassets; sourceTree = "<group>"; };
		76A95F141F9786CE002749F5 /* Base */ = {isa = PBXFileReference; lastKnownFileType = file.storyboard; name = Base; path = Base.lproj/LaunchScreen.storyboard; sourceTree = "<group>"; };
		76A95F161F9786CE002749F5 /* Info.plist */ = {isa = PBXFileReference; lastKnownFileType = text.plist.xml; path = Info.plist; sourceTree = "<group>"; };
		81026F01F61D74D2742318EC /* Pods-Small Fb.release.xcconfig */ = {isa = PBXFileReference; includeInIndex = 1; lastKnownFileType = text.xcconfig; name = "Pods-Small Fb.release.xcconfig"; path = "Pods/Target Support Files/Pods-Small Fb/Pods-Small Fb.release.xcconfig"; sourceTree = "<group>"; };
		8A75CEA18E2A714D90F32758 /* Pods-Small Fb.debug.xcconfig */ = {isa = PBXFileReference; includeInIndex = 1; lastKnownFileType = text.xcconfig; name = "Pods-Small Fb.debug.xcconfig"; path = "Pods/Target Support Files/Pods-Small Fb/Pods-Small Fb.debug.xcconfig"; sourceTree = "<group>"; };
/* End PBXFileReference section */

/* Begin PBXFrameworksBuildPhase section */
		76A95F041F9786CE002749F5 /* Frameworks */ = {
			isa = PBXFrameworksBuildPhase;
			buildActionMask = 2147483647;
			files = (
				57CBAF544F5E95E9BCD753D8 /* Pods_Small_Fb.framework in Frameworks */,
			);
			runOnlyForDeploymentPostprocessing = 0;
		};
/* End PBXFrameworksBuildPhase section */

/* Begin PBXGroup section */
		7644D9611F9790E500332091 /* Model */ = {
			isa = PBXGroup;
			children = (
				768201CF1F98D69E00F246EB /* Photo.swift */,
				763A4F871FA4BFF4003CB885 /* User.swift */,
			);
			path = Model;
			sourceTree = "<group>";
		};
		7644D9621F9790F200332091 /* View */ = {
			isa = PBXGroup;
			children = (
				7644D9681F97AB2B00332091 /* ShadowButton.swift */,
				7644D9651F97945E00332091 /* SignUpTextField.swift */,
				768201D11F98DAA500F246EB /* PhotoCell.swift */,
				763A4F851FA49BB2003CB885 /* ProfilePic.swift */,
			);
			path = View;
			sourceTree = "<group>";
		};
		7644D9631F9790F800332091 /* Controller */ = {
			isa = PBXGroup;
			children = (
				76A95F0C1F9786CE002749F5 /* SignUpVC.swift */,
				768201CB1F98B20700F246EB /* FbConnectVC.swift */,
				768201CD1F98D60500F246EB /* PhotosVC.swift */,
				763A4F831FA37213003CB885 /* ProfileVC.swift */,
				764D53731FA4D73500896D53 /* ImagePreviewVC.swift */,
			);
			path = Controller;
			sourceTree = "<group>";
		};
		7644D9641F9790FF00332091 /* Utils */ = {
			isa = PBXGroup;
			children = (
				7644D9601F9790E000332091 /* Klavika Bold.otf */,
				768201D31F98DEC000F246EB /* Contants.swift */,
			);
			path = Utils;
			sourceTree = "<group>";
		};
		768201C71F98AD9400F246EB /* Services */ = {
			isa = PBXGroup;
			children = (
				768201C81F98ADB200F246EB /* DataService.swift */,
			);
			path = Services;
			sourceTree = "<group>";
		};
		76A95EFE1F9786CE002749F5 = {
			isa = PBXGroup;
			children = (
				76A95F091F9786CE002749F5 /* Small Fb */,
				76A95F081F9786CE002749F5 /* Products */,
				90A22CD2A03CC13C7DAF4D93 /* Pods */,
				C33110C1753F86A4E733A391 /* Frameworks */,
			);
			sourceTree = "<group>";
		};
		76A95F081F9786CE002749F5 /* Products */ = {
			isa = PBXGroup;
			children = (
				76A95F071F9786CE002749F5 /* Small Fb.app */,
			);
			name = Products;
			sourceTree = "<group>";
		};
		76A95F091F9786CE002749F5 /* Small Fb */ = {
			isa = PBXGroup;
			children = (
				768201C71F98AD9400F246EB /* Services */,
				7644D9641F9790FF00332091 /* Utils */,
				7644D9631F9790F800332091 /* Controller */,
				7644D9621F9790F200332091 /* View */,
				7644D9611F9790E500332091 /* Model */,
				76A95F0A1F9786CE002749F5 /* AppDelegate.swift */,
				76A95F0E1F9786CE002749F5 /* Main.storyboard */,
				76A95F111F9786CE002749F5 /* Assets.xcassets */,
				76A95F131F9786CE002749F5 /* LaunchScreen.storyboard */,
				76A95F161F9786CE002749F5 /* Info.plist */,
				7644D96A1F97B51500332091 /* PhotoCell.xib */,
				768201C61F98A9AF00F246EB /* GoogleService-Info.plist */,
			);
			path = "Small Fb";
			sourceTree = "<group>";
		};
		90A22CD2A03CC13C7DAF4D93 /* Pods */ = {
			isa = PBXGroup;
			children = (
				8A75CEA18E2A714D90F32758 /* Pods-Small Fb.debug.xcconfig */,
				81026F01F61D74D2742318EC /* Pods-Small Fb.release.xcconfig */,
			);
			name = Pods;
			sourceTree = "<group>";
		};
		C33110C1753F86A4E733A391 /* Frameworks */ = {
			isa = PBXGroup;
			children = (
				65EC79476B215EF1F95BBA07 /* Pods_Small_Fb.framework */,
			);
			name = Frameworks;
			sourceTree = "<group>";
		};
/* End PBXGroup section */

/* Begin PBXNativeTarget section */
		76A95F061F9786CE002749F5 /* Small Fb */ = {
			isa = PBXNativeTarget;
			buildConfigurationList = 76A95F191F9786CE002749F5 /* Build configuration list for PBXNativeTarget "Small Fb" */;
			buildPhases = (
				F094EBA4B193DD5AB7C08834 /* [CP] Check Pods Manifest.lock */,
				76A95F031F9786CE002749F5 /* Sources */,
				76A95F041F9786CE002749F5 /* Frameworks */,
				76A95F051F9786CE002749F5 /* Resources */,
				B37C820821B1098CAC2004F8 /* [CP] Embed Pods Frameworks */,
				A7EE37E21A04FAD13BF5FE61 /* [CP] Copy Pods Resources */,
			);
			buildRules = (
			);
			dependencies = (
			);
			name = "Small Fb";
			productName = "Small Fb";
			productReference = 76A95F071F9786CE002749F5 /* Small Fb.app */;
			productType = "com.apple.product-type.application";
		};
/* End PBXNativeTarget section */

/* Begin PBXProject section */
		76A95EFF1F9786CE002749F5 /* Project object */ = {
			isa = PBXProject;
			attributes = {
				LastSwiftUpdateCheck = 0900;
				LastUpgradeCheck = 0900;
				ORGANIZATIONNAME = "Heitem OULED-LAGHRIYEB";
				TargetAttributes = {
					76A95F061F9786CE002749F5 = {
						CreatedOnToolsVersion = 9.0;
						ProvisioningStyle = Automatic;
					};
				};
			};
			buildConfigurationList = 76A95F021F9786CE002749F5 /* Build configuration list for PBXProject "Small Fb" */;
			compatibilityVersion = "Xcode 8.0";
			developmentRegion = en;
			hasScannedForEncodings = 0;
			knownRegions = (
				en,
				Base,
			);
			mainGroup = 76A95EFE1F9786CE002749F5;
			productRefGroup = 76A95F081F9786CE002749F5 /* Products */;
			projectDirPath = "";
			projectRoot = "";
			targets = (
				76A95F061F9786CE002749F5 /* Small Fb */,
			);
		};
/* End PBXProject section */

/* Begin PBXResourcesBuildPhase section */
		76A95F051F9786CE002749F5 /* Resources */ = {
			isa = PBXResourcesBuildPhase;
			buildActionMask = 2147483647;
			files = (
				76A95F151F9786CE002749F5 /* LaunchScreen.storyboard in Resources */,
				76A95F121F9786CE002749F5 /* Assets.xcassets in Resources */,
				7644D96B1F97B51500332091 /* PhotoCell.xib in Resources */,
				76A95F101F9786CE002749F5 /* Main.storyboard in Resources */,
				7644D9671F97A57100332091 /* Klavika Bold.otf in Resources */,
				768201CA1F98AFC800F246EB /* GoogleService-Info.plist in Resources */,
			);
			runOnlyForDeploymentPostprocessing = 0;
		};
/* End PBXResourcesBuildPhase section */

/* Begin PBXShellScriptBuildPhase section */
		A7EE37E21A04FAD13BF5FE61 /* [CP] Copy Pods Resources */ = {
			isa = PBXShellScriptBuildPhase;
			buildActionMask = 2147483647;
			files = (
			);
			inputPaths = (
			);
			name = "[CP] Copy Pods Resources";
			outputPaths = (
			);
			runOnlyForDeploymentPostprocessing = 0;
			shellPath = /bin/sh;
			shellScript = "\"${SRCROOT}/Pods/Target Support Files/Pods-Small Fb/Pods-Small Fb-resources.sh\"\n";
			showEnvVarsInLog = 0;
		};
		B37C820821B1098CAC2004F8 /* [CP] Embed Pods Frameworks */ = {
			isa = PBXShellScriptBuildPhase;
			buildActionMask = 2147483647;
			files = (
			);
			inputPaths = (
				"${SRCROOT}/Pods/Target Support Files/Pods-Small Fb/Pods-Small Fb-frameworks.sh",
				"${BUILT_PRODUCTS_DIR}/Alamofire/Alamofire.framework",
				"${BUILT_PRODUCTS_DIR}/AlamofireImage/AlamofireImage.framework",
				"${BUILT_PRODUCTS_DIR}/Bolts/Bolts.framework",
				"${BUILT_PRODUCTS_DIR}/FBSDKCoreKit/FBSDKCoreKit.framework",
				"${BUILT_PRODUCTS_DIR}/FBSDKLoginKit/FBSDKLoginKit.framework",
				"${BUILT_PRODUCTS_DIR}/GTMSessionFetcher/GTMSessionFetcher.framework",
				"${BUILT_PRODUCTS_DIR}/GoogleToolboxForMac/GoogleToolboxForMac.framework",
				"${BUILT_PRODUCTS_DIR}/ImageScrollView/ImageScrollView.framework",
				"${BUILT_PRODUCTS_DIR}/SwiftKeychainWrapper/SwiftKeychainWrapper.framework",
				"${BUILT_PRODUCTS_DIR}/leveldb-library/leveldb.framework",
				"${BUILT_PRODUCTS_DIR}/nanopb/nanopb.framework",
			);
			name = "[CP] Embed Pods Frameworks";
			outputPaths = (
				"${TARGET_BUILD_DIR}/${FRAMEWORKS_FOLDER_PATH}/Alamofire.framework",
				"${TARGET_BUILD_DIR}/${FRAMEWORKS_FOLDER_PATH}/AlamofireImage.framework",
				"${TARGET_BUILD_DIR}/${FRAMEWORKS_FOLDER_PATH}/Bolts.framework",
				"${TARGET_BUILD_DIR}/${FRAMEWORKS_FOLDER_PATH}/FBSDKCoreKit.framework",
				"${TARGET_BUILD_DIR}/${FRAMEWORKS_FOLDER_PATH}/FBSDKLoginKit.framework",
				"${TARGET_BUILD_DIR}/${FRAMEWORKS_FOLDER_PATH}/GTMSessionFetcher.framework",
				"${TARGET_BUILD_DIR}/${FRAMEWORKS_FOLDER_PATH}/GoogleToolboxForMac.framework",
				"${TARGET_BUILD_DIR}/${FRAMEWORKS_FOLDER_PATH}/ImageScrollView.framework",
				"${TARGET_BUILD_DIR}/${FRAMEWORKS_FOLDER_PATH}/SwiftKeychainWrapper.framework",
				"${TARGET_BUILD_DIR}/${FRAMEWORKS_FOLDER_PATH}/leveldb.framework",
				"${TARGET_BUILD_DIR}/${FRAMEWORKS_FOLDER_PATH}/nanopb.framework",
			);
			runOnlyForDeploymentPostprocessing = 0;
			shellPath = /bin/sh;
			shellScript = "\"${SRCROOT}/Pods/Target Support Files/Pods-Small Fb/Pods-Small Fb-frameworks.sh\"\n";
			showEnvVarsInLog = 0;
		};
		F094EBA4B193DD5AB7C08834 /* [CP] Check Pods Manifest.lock */ = {
			isa = PBXShellScriptBuildPhase;
			buildActionMask = 2147483647;
			files = (
			);
			inputPaths = (
				"${PODS_PODFILE_DIR_PATH}/Podfile.lock",
				"${PODS_ROOT}/Manifest.lock",
			);
			name = "[CP] Check Pods Manifest.lock";
			outputPaths = (
				"$(DERIVED_FILE_DIR)/Pods-Small Fb-checkManifestLockResult.txt",
			);
			runOnlyForDeploymentPostprocessing = 0;
			shellPath = /bin/sh;
			shellScript = "diff \"${PODS_PODFILE_DIR_PATH}/Podfile.lock\" \"${PODS_ROOT}/Manifest.lock\" > /dev/null\nif [ $? != 0 ] ; then\n    # print error to STDERR\n    echo \"error: The sandbox is not in sync with the Podfile.lock. Run 'pod install' or update your CocoaPods installation.\" >&2\n    exit 1\nfi\n# This output is used by Xcode 'outputs' to avoid re-running this script phase.\necho \"SUCCESS\" > \"${SCRIPT_OUTPUT_FILE_0}\"\n";
			showEnvVarsInLog = 0;
		};
/* End PBXShellScriptBuildPhase section */

/* Begin PBXSourcesBuildPhase section */
		76A95F031F9786CE002749F5 /* Sources */ = {
			isa = PBXSourcesBuildPhase;
			buildActionMask = 2147483647;
			files = (
				763A4F881FA4BFF4003CB885 /* User.swift in Sources */,
				7644D9691F97AB2B00332091 /* ShadowButton.swift in Sources */,
				7644D9661F97945E00332091 /* SignUpTextField.swift in Sources */,
				768201CE1F98D60500F246EB /* PhotosVC.swift in Sources */,
				76A95F0D1F9786CE002749F5 /* SignUpVC.swift in Sources */,
				76A95F0B1F9786CE002749F5 /* AppDelegate.swift in Sources */,
				768201C91F98ADB200F246EB /* DataService.swift in Sources */,
				764D53741FA4D73500896D53 /* ImagePreviewVC.swift in Sources */,
				768201CC1F98B20700F246EB /* FbConnectVC.swift in Sources */,
				768201D41F98DEC000F246EB /* Contants.swift in Sources */,
				763A4F861FA49BB2003CB885 /* ProfilePic.swift in Sources */,
				768201D01F98D69E00F246EB /* Photo.swift in Sources */,
				763A4F841FA37213003CB885 /* ProfileVC.swift in Sources */,
				768201D21F98DAA500F246EB /* PhotoCell.swift in Sources */,
			);
			runOnlyForDeploymentPostprocessing = 0;
		};
/* End PBXSourcesBuildPhase section */

/* Begin PBXVariantGroup section */
		76A95F0E1F9786CE002749F5 /* Main.storyboard */ = {
			isa = PBXVariantGroup;
			children = (
				76A95F0F1F9786CE002749F5 /* Base */,
			);
			name = Main.storyboard;
			sourceTree = "<group>";
		};
		76A95F131F9786CE002749F5 /* LaunchScreen.storyboard */ = {
			isa = PBXVariantGroup;
			children = (
				76A95F141F9786CE002749F5 /* Base */,
			);
			name = LaunchScreen.storyboard;
			sourceTree = "<group>";
		};
/* End PBXVariantGroup section */

/* Begin XCBuildConfiguration section */
		76A95F171F9786CE002749F5 /* Debug */ = {
			isa = XCBuildConfiguration;
			buildSettings = {
				ALWAYS_SEARCH_USER_PATHS = NO;
				CLANG_ANALYZER_NONNULL = YES;
				CLANG_ANALYZER_NUMBER_OBJECT_CONVERSION = YES_AGGRESSIVE;
				CLANG_CXX_LANGUAGE_STANDARD = "gnu++14";
				CLANG_CXX_LIBRARY = "libc++";
				CLANG_ENABLE_MODULES = YES;
				CLANG_ENABLE_OBJC_ARC = YES;
				CLANG_WARN_BLOCK_CAPTURE_AUTORELEASING = YES;
				CLANG_WARN_BOOL_CONVERSION = YES;
				CLANG_WARN_COMMA = YES;
				CLANG_WARN_CONSTANT_CONVERSION = YES;
				CLANG_WARN_DIRECT_OBJC_ISA_USAGE = YES_ERROR;
				CLANG_WARN_DOCUMENTATION_COMMENTS = YES;
				CLANG_WARN_EMPTY_BODY = YES;
				CLANG_WARN_ENUM_CONVERSION = YES;
				CLANG_WARN_INFINITE_RECURSION = YES;
				CLANG_WARN_INT_CONVERSION = YES;
				CLANG_WARN_NON_LITERAL_NULL_CONVERSION = YES;
				CLANG_WARN_OBJC_LITERAL_CONVERSION = YES;
				CLANG_WARN_OBJC_ROOT_CLASS = YES_ERROR;
				CLANG_WARN_RANGE_LOOP_ANALYSIS = YES;
				CLANG_WARN_STRICT_PROTOTYPES = YES;
				CLANG_WARN_SUSPICIOUS_MOVE = YES;
				CLANG_WARN_UNGUARDED_AVAILABILITY = YES_AGGRESSIVE;
				CLANG_WARN_UNREACHABLE_CODE = YES;
				CLANG_WARN__DUPLICATE_METHOD_MATCH = YES;
				CODE_SIGN_IDENTITY = "iPhone Developer";
				COPY_PHASE_STRIP = NO;
				DEBUG_INFORMATION_FORMAT = dwarf;
				ENABLE_STRICT_OBJC_MSGSEND = YES;
				ENABLE_TESTABILITY = YES;
				GCC_C_LANGUAGE_STANDARD = gnu11;
				GCC_DYNAMIC_NO_PIC = NO;
				GCC_NO_COMMON_BLOCKS = YES;
				GCC_OPTIMIZATION_LEVEL = 0;
				GCC_PREPROCESSOR_DEFINITIONS = (
					"DEBUG=1",
					"$(inherited)",
				);
				GCC_WARN_64_TO_32_BIT_CONVERSION = YES;
				GCC_WARN_ABOUT_RETURN_TYPE = YES_ERROR;
				GCC_WARN_UNDECLARED_SELECTOR = YES;
				GCC_WARN_UNINITIALIZED_AUTOS = YES_AGGRESSIVE;
				GCC_WARN_UNUSED_FUNCTION = YES;
				GCC_WARN_UNUSED_VARIABLE = YES;
				IPHONEOS_DEPLOYMENT_TARGET = 11.0;
				MTL_ENABLE_DEBUG_INFO = YES;
				ONLY_ACTIVE_ARCH = YES;
				SDKROOT = iphoneos;
				SWIFT_ACTIVE_COMPILATION_CONDITIONS = DEBUG;
				SWIFT_OPTIMIZATION_LEVEL = "-Onone";
			};
			name = Debug;
		};
		76A95F181F9786CE002749F5 /* Release */ = {
			isa = XCBuildConfiguration;
			buildSettings = {
				ALWAYS_SEARCH_USER_PATHS = NO;
				CLANG_ANALYZER_NONNULL = YES;
				CLANG_ANALYZER_NUMBER_OBJECT_CONVERSION = YES_AGGRESSIVE;
				CLANG_CXX_LANGUAGE_STANDARD = "gnu++14";
				CLANG_CXX_LIBRARY = "libc++";
				CLANG_ENABLE_MODULES = YES;
				CLANG_ENABLE_OBJC_ARC = YES;
				CLANG_WARN_BLOCK_CAPTURE_AUTORELEASING = YES;
				CLANG_WARN_BOOL_CONVERSION = YES;
				CLANG_WARN_COMMA = YES;
				CLANG_WARN_CONSTANT_CONVERSION = YES;
				CLANG_WARN_DIRECT_OBJC_ISA_USAGE = YES_ERROR;
				CLANG_WARN_DOCUMENTATION_COMMENTS = YES;
				CLANG_WARN_EMPTY_BODY = YES;
				CLANG_WARN_ENUM_CONVERSION = YES;
				CLANG_WARN_INFINITE_RECURSION = YES;
				CLANG_WARN_INT_CONVERSION = YES;
				CLANG_WARN_NON_LITERAL_NULL_CONVERSION = YES;
				CLANG_WARN_OBJC_LITERAL_CONVERSION = YES;
				CLANG_WARN_OBJC_ROOT_CLASS = YES_ERROR;
				CLANG_WARN_RANGE_LOOP_ANALYSIS = YES;
				CLANG_WARN_STRICT_PROTOTYPES = YES;
				CLANG_WARN_SUSPICIOUS_MOVE = YES;
				CLANG_WARN_UNGUARDED_AVAILABILITY = YES_AGGRESSIVE;
				CLANG_WARN_UNREACHABLE_CODE = YES;
				CLANG_WARN__DUPLICATE_METHOD_MATCH = YES;
				CODE_SIGN_IDENTITY = "iPhone Developer";
				COPY_PHASE_STRIP = NO;
				DEBUG_INFORMATION_FORMAT = "dwarf-with-dsym";
				ENABLE_NS_ASSERTIONS = NO;
				ENABLE_STRICT_OBJC_MSGSEND = YES;
				GCC_C_LANGUAGE_STANDARD = gnu11;
				GCC_NO_COMMON_BLOCKS = YES;
				GCC_WARN_64_TO_32_BIT_CONVERSION = YES;
				GCC_WARN_ABOUT_RETURN_TYPE = YES_ERROR;
				GCC_WARN_UNDECLARED_SELECTOR = YES;
				GCC_WARN_UNINITIALIZED_AUTOS = YES_AGGRESSIVE;
				GCC_WARN_UNUSED_FUNCTION = YES;
				GCC_WARN_UNUSED_VARIABLE = YES;
				IPHONEOS_DEPLOYMENT_TARGET = 11.0;
				MTL_ENABLE_DEBUG_INFO = NO;
				SDKROOT = iphoneos;
				SWIFT_OPTIMIZATION_LEVEL = "-Owholemodule";
				VALIDATE_PRODUCT = YES;
			};
			name = Release;
		};
		76A95F1A1F9786CE002749F5 /* Debug */ = {
			isa = XCBuildConfiguration;
			baseConfigurationReference = 8A75CEA18E2A714D90F32758 /* Pods-Small Fb.debug.xcconfig */;
			buildSettings = {
				ASSETCATALOG_COMPILER_APPICON_NAME = AppIcon;
				CODE_SIGN_STYLE = Automatic;
				DEVELOPMENT_TEAM = MSD4YZAXJC;
				INFOPLIST_FILE = "Small Fb/Info.plist";
				IPHONEOS_DEPLOYMENT_TARGET = 11.0;
				LD_RUNPATH_SEARCH_PATHS = "$(inherited) @executable_path/Frameworks";
				PRODUCT_BUNDLE_IDENTIFIER = "com.heitemol.Small-Fb";
				PRODUCT_NAME = "$(TARGET_NAME)";
				SWIFT_VERSION = 4.0;
				TARGETED_DEVICE_FAMILY = "1,2";
			};
			name = Debug;
		};
		76A95F1B1F9786CE002749F5 /* Release */ = {
			isa = XCBuildConfiguration;
			baseConfigurationReference = 81026F01F61D74D2742318EC /* Pods-Small Fb.release.xcconfig */;
			buildSettings = {
				ASSETCATALOG_COMPILER_APPICON_NAME = AppIcon;
				CODE_SIGN_STYLE = Automatic;
				DEVELOPMENT_TEAM = MSD4YZAXJC;
				INFOPLIST_FILE = "Small Fb/Info.plist";
				IPHONEOS_DEPLOYMENT_TARGET = 11.0;
				LD_RUNPATH_SEARCH_PATHS = "$(inherited) @executable_path/Frameworks";
				PRODUCT_BUNDLE_IDENTIFIER = "com.heitemol.Small-Fb";
				PRODUCT_NAME = "$(TARGET_NAME)";
				SWIFT_VERSION = 4.0;
				TARGETED_DEVICE_FAMILY = "1,2";
			};
			name = Release;
		};
/* End XCBuildConfiguration section */

/* Begin XCConfigurationList section */
		76A95F021F9786CE002749F5 /* Build configuration list for PBXProject "Small Fb" */ = {
			isa = XCConfigurationList;
			buildConfigurations = (
				76A95F171F9786CE002749F5 /* Debug */,
				76A95F181F9786CE002749F5 /* Release */,
			);
			defaultConfigurationIsVisible = 0;
			defaultConfigurationName = Release;
		};
		76A95F191F9786CE002749F5 /* Build configuration list for PBXNativeTarget "Small Fb" */ = {
			isa = XCConfigurationList;
			buildConfigurations = (
				76A95F1A1F9786CE002749F5 /* Debug */,
				76A95F1B1F9786CE002749F5 /* Release */,
			);
			defaultConfigurationIsVisible = 0;
			defaultConfigurationName = Release;
		};
/* End XCConfigurationList section */
	};
	rootObject = 76A95EFF1F9786CE002749F5 /* Project object */;
}
