// !$*UTF8*$!
{
	archiveVersion = 1;
	classes = {
	};
	objectVersion = 48;
	objects = {

/* Begin PBXBuildFile section */
		7644D9661F97945E00332091 /* SignUpTextField.swift in Sources */ = {isa = PBXBuildFile; fileRef = 7644D9651F97945E00332091 /* SignUpTextField.swift */; };
		7644D9671F97A57100332091 /* Klavika Bold.otf in Resources */ = {isa = PBXBuildFile; fileRef = 7644D9601F9790E000332091 /* Klavika Bold.otf */; };
		7644D9691F97AB2B00332091 /* ShadowButton.swift in Sources */ = {isa = PBXBuildFile; fileRef = 7644D9681F97AB2B00332091 /* ShadowButton.swift */; };
		7644D96B1F97B51500332091 /* AlbumCell.xib in Resources */ = {isa = PBXBuildFile; fileRef = 7644D96A1F97B51500332091 /* AlbumCell.xib */; };
		76A95F0B1F9786CE002749F5 /* AppDelegate.swift in Sources */ = {isa = PBXBuildFile; fileRef = 76A95F0A1F9786CE002749F5 /* AppDelegate.swift */; };
		76A95F0D1F9786CE002749F5 /* SignUpVC.swift in Sources */ = {isa = PBXBuildFile; fileRef = 76A95F0C1F9786CE002749F5 /* SignUpVC.swift */; };
		76A95F101F9786CE002749F5 /* Main.storyboard in Resources */ = {isa = PBXBuildFile; fileRef = 76A95F0E1F9786CE002749F5 /* Main.storyboard */; };
		76A95F121F9786CE002749F5 /* Assets.xcassets in Resources */ = {isa = PBXBuildFile; fileRef = 76A95F111F9786CE002749F5 /* Assets.xcassets */; };
		76A95F151F9786CE002749F5 /* LaunchScreen.storyboard in Resources */ = {isa = PBXBuildFile; fileRef = 76A95F131F9786CE002749F5 /* LaunchScreen.storyboard */; };
/* End PBXBuildFile section */

/* Begin PBXFileReference section */
		7644D9601F9790E000332091 /* Klavika Bold.otf */ = {isa = PBXFileReference; lastKnownFileType = file; path = "Klavika Bold.otf"; sourceTree = "<group>"; };
		7644D9651F97945E00332091 /* SignUpTextField.swift */ = {isa = PBXFileReference; lastKnownFileType = sourcecode.swift; path = SignUpTextField.swift; sourceTree = "<group>"; };
		7644D9681F97AB2B00332091 /* ShadowButton.swift */ = {isa = PBXFileReference; lastKnownFileType = sourcecode.swift; path = ShadowButton.swift; sourceTree = "<group>"; };
		7644D96A1F97B51500332091 /* AlbumCell.xib */ = {isa = PBXFileReference; lastKnownFileType = file.xib; path = AlbumCell.xib; sourceTree = "<group>"; };
		76A95F071F9786CE002749F5 /* Small Fb.app */ = {isa = PBXFileReference; explicitFileType = wrapper.application; includeInIndex = 0; path = "Small Fb.app"; sourceTree = BUILT_PRODUCTS_DIR; };
		76A95F0A1F9786CE002749F5 /* AppDelegate.swift */ = {isa = PBXFileReference; lastKnownFileType = sourcecode.swift; path = AppDelegate.swift; sourceTree = "<group>"; };
		76A95F0C1F9786CE002749F5 /* SignUpVC.swift */ = {isa = PBXFileReference; lastKnownFileType = sourcecode.swift; path = SignUpVC.swift; sourceTree = "<group>"; };
		76A95F0F1F9786CE002749F5 /* Base */ = {isa = PBXFileReference; lastKnownFileType = file.storyboard; name = Base; path = Base.lproj/Main.storyboard; sourceTree = "<group>"; };
		76A95F111F9786CE002749F5 /* Assets.xcassets */ = {isa = PBXFileReference; lastKnownFileType = folder.assetcatalog; path = Assets.xcassets; sourceTree = "<group>"; };
		76A95F141F9786CE002749F5 /* Base */ = {isa = PBXFileReference; lastKnownFileType = file.storyboard; name = Base; path = Base.lproj/LaunchScreen.storyboard; sourceTree = "<group>"; };
		76A95F161F9786CE002749F5 /* Info.plist */ = {isa = PBXFileReference; lastKnownFileType = text.plist.xml; path = Info.plist; sourceTree = "<group>"; };
/* End PBXFileReference section */

/* Begin PBXFrameworksBuildPhase section */
		76A95F041F9786CE002749F5 /* Frameworks */ = {
			isa = PBXFrameworksBuildPhase;
			buildActionMask = 2147483647;
			files = (
			);
			runOnlyForDeploymentPostprocessing = 0;
		};
/* End PBXFrameworksBuildPhase section */

/* Begin PBXGroup section */
		7644D9611F9790E500332091 /* Model */ = {
			isa = PBXGroup;
			children = (
			);
			path = Model;
			sourceTree = "<group>";
		};
		7644D9621F9790F200332091 /* View */ = {
			isa = PBXGroup;
			children = (
				7644D9681F97AB2B00332091 /* ShadowButton.swift */,
				7644D9651F97945E00332091 /* SignUpTextField.swift */,
			);
			path = View;
			sourceTree = "<group>";
		};
		7644D9631F9790F800332091 /* Controller */ = {
			isa = PBXGroup;
			children = (
				76A95F0C1F9786CE002749F5 /* SignUpVC.swift */,
			);
			path = Controller;
			sourceTree = "<group>";
		};
		7644D9641F9790FF00332091 /* Utils */ = {
			isa = PBXGroup;
			children = (
				7644D9601F9790E000332091 /* Klavika Bold.otf */,
			);
			path = Utils;
			sourceTree = "<group>";
		};
		76A95EFE1F9786CE002749F5 = {
			isa = PBXGroup;
			children = (
				76A95F091F9786CE002749F5 /* Small Fb */,
				76A95F081F9786CE002749F5 /* Products */,
			);
			sourceTree = "<group>";
		};
		76A95F081F9786CE002749F5 /* Products */ = {
			isa = PBXGroup;
			children = (
				76A95F071F9786CE002749F5 /* Small Fb.app */,
			);
			name = Products;
			sourceTree = "<group>";
		};
		76A95F091F9786CE002749F5 /* Small Fb */ = {
			isa = PBXGroup;
			children = (
				7644D9641F9790FF00332091 /* Utils */,
				7644D9631F9790F800332091 /* Controller */,
				7644D9621F9790F200332091 /* View */,
				7644D9611F9790E500332091 /* Model */,
				76A95F0A1F9786CE002749F5 /* AppDelegate.swift */,
				76A95F0E1F9786CE002749F5 /* Main.storyboard */,
				76A95F111F9786CE002749F5 /* Assets.xcassets */,
				76A95F131F9786CE002749F5 /* LaunchScreen.storyboard */,
				76A95F161F9786CE002749F5 /* Info.plist */,
				7644D96A1F97B51500332091 /* AlbumCell.xib */,
			);
			path = "Small Fb";
			sourceTree = "<group>";
		};
/* End PBXGroup section */

/* Begin PBXNativeTarget section */
		76A95F061F9786CE002749F5 /* Small Fb */ = {
			isa = PBXNativeTarget;
			buildConfigurationList = 76A95F191F9786CE002749F5 /* Build configuration list for PBXNativeTarget "Small Fb" */;
			buildPhases = (
				76A95F031F9786CE002749F5 /* Sources */,
				76A95F041F9786CE002749F5 /* Frameworks */,
				76A95F051F9786CE002749F5 /* Resources */,
			);
			buildRules = (
			);
			dependencies = (
			);
			name = "Small Fb";
			productName = "Small Fb";
			productReference = 76A95F071F9786CE002749F5 /* Small Fb.app */;
			productType = "com.apple.product-type.application";
		};
/* End PBXNativeTarget section */

/* Begin PBXProject section */
		76A95EFF1F9786CE002749F5 /* Project object */ = {
			isa = PBXProject;
			attributes = {
				LastSwiftUpdateCheck = 0900;
				LastUpgradeCheck = 0900;
				ORGANIZATIONNAME = "Heitem OULED-LAGHRIYEB";
				TargetAttributes = {
					76A95F061F9786CE002749F5 = {
						CreatedOnToolsVersion = 9.0;
						ProvisioningStyle = Automatic;
					};
				};
			};
			buildConfigurationList = 76A95F021F9786CE002749F5 /* Build configuration list for PBXProject "Small Fb" */;
			compatibilityVersion = "Xcode 8.0";
			developmentRegion = en;
			hasScannedForEncodings = 0;
			knownRegions = (
				en,
				Base,
			);
			mainGroup = 76A95EFE1F9786CE002749F5;
			productRefGroup = 76A95F081F9786CE002749F5 /* Products */;
			projectDirPath = "";
			projectRoot = "";
			targets = (
				76A95F061F9786CE002749F5 /* Small Fb */,
			);
		};
/* End PBXProject section */

/* Begin PBXResourcesBuildPhase section */
		76A95F051F9786CE002749F5 /* Resources */ = {
			isa = PBXResourcesBuildPhase;
			buildActionMask = 2147483647;
			files = (
				76A95F151F9786CE002749F5 /* LaunchScreen.storyboard in Resources */,
				76A95F121F9786CE002749F5 /* Assets.xcassets in Resources */,
				7644D96B1F97B51500332091 /* AlbumCell.xib in Resources */,
				76A95F101F9786CE002749F5 /* Main.storyboard in Resources */,
				7644D9671F97A57100332091 /* Klavika Bold.otf in Resources */,
			);
			runOnlyForDeploymentPostprocessing = 0;
		};
/* End PBXResourcesBuildPhase section */

/* Begin PBXSourcesBuildPhase section */
		76A95F031F9786CE002749F5 /* Sources */ = {
			isa = PBXSourcesBuildPhase;
			buildActionMask = 2147483647;
			files = (
				7644D9691F97AB2B00332091 /* ShadowButton.swift in Sources */,
				7644D9661F97945E00332091 /* SignUpTextField.swift in Sources */,
				76A95F0D1F9786CE002749F5 /* SignUpVC.swift in Sources */,
				76A95F0B1F9786CE002749F5 /* AppDelegate.swift in Sources */,
			);
			runOnlyForDeploymentPostprocessing = 0;
		};
/* End PBXSourcesBuildPhase section */

/* Begin PBXVariantGroup section */
		76A95F0E1F9786CE002749F5 /* Main.storyboard */ = {
			isa = PBXVariantGroup;
			children = (
				76A95F0F1F9786CE002749F5 /* Base */,
			);
			name = Main.storyboard;
			sourceTree = "<group>";
		};
		76A95F131F9786CE002749F5 /* LaunchScreen.storyboard */ = {
			isa = PBXVariantGroup;
			children = (
				76A95F141F9786CE002749F5 /* Base */,
			);
			name = LaunchScreen.storyboard;
			sourceTree = "<group>";
		};
/* End PBXVariantGroup section */

/* Begin XCBuildConfiguration section */
		76A95F171F9786CE002749F5 /* Debug */ = {
			isa = XCBuildConfiguration;
			buildSettings = {
				ALWAYS_SEARCH_USER_PATHS = NO;
				CLANG_ANALYZER_NONNULL = YES;
				CLANG_ANALYZER_NUMBER_OBJECT_CONVERSION = YES_AGGRESSIVE;
				CLANG_CXX_LANGUAGE_STANDARD = "gnu++14";
				CLANG_CXX_LIBRARY = "libc++";
				CLANG_ENABLE_MODULES = YES;
				CLANG_ENABLE_OBJC_ARC = YES;
				CLANG_WARN_BLOCK_CAPTURE_AUTORELEASING = YES;
				CLANG_WARN_BOOL_CONVERSION = YES;
				CLANG_WARN_COMMA = YES;
				CLANG_WARN_CONSTANT_CONVERSION = YES;
				CLANG_WARN_DIRECT_OBJC_ISA_USAGE = YES_ERROR;
				CLANG_WARN_DOCUMENTATION_COMMENTS = YES;
				CLANG_WARN_EMPTY_BODY = YES;
				CLANG_WARN_ENUM_CONVERSION = YES;
				CLANG_WARN_INFINITE_RECURSION = YES;
				CLANG_WARN_INT_CONVERSION = YES;
				CLANG_WARN_NON_LITERAL_NULL_CONVERSION = YES;
				CLANG_WARN_OBJC_LITERAL_CONVERSION = YES;
				CLANG_WARN_OBJC_ROOT_CLASS = YES_ERROR;
				CLANG_WARN_RANGE_LOOP_ANALYSIS = YES;
				CLANG_WARN_STRICT_PROTOTYPES = YES;
				CLANG_WARN_SUSPICIOUS_MOVE = YES;
				CLANG_WARN_UNGUARDED_AVAILABILITY = YES_AGGRESSIVE;
				CLANG_WARN_UNREACHABLE_CODE = YES;
				CLANG_WARN__DUPLICATE_METHOD_MATCH = YES;
				CODE_SIGN_IDENTITY = "iPhone Developer";
				COPY_PHASE_STRIP = NO;
				DEBUG_INFORMATION_FORMAT = dwarf;
				ENABLE_STRICT_OBJC_MSGSEND = YES;
				ENABLE_TESTABILITY = YES;
				GCC_C_LANGUAGE_STANDARD = gnu11;
				GCC_DYNAMIC_NO_PIC = NO;
				GCC_NO_COMMON_BLOCKS = YES;
				GCC_OPTIMIZATION_LEVEL = 0;
				GCC_PREPROCESSOR_DEFINITIONS = (
					"DEBUG=1",
					"$(inherited)",
				);
				GCC_WARN_64_TO_32_BIT_CONVERSION = YES;
				GCC_WARN_ABOUT_RETURN_TYPE = YES_ERROR;
				GCC_WARN_UNDECLARED_SELECTOR = YES;
				GCC_WARN_UNINITIALIZED_AUTOS = YES_AGGRESSIVE;
				GCC_WARN_UNUSED_FUNCTION = YES;
				GCC_WARN_UNUSED_VARIABLE = YES;
				IPHONEOS_DEPLOYMENT_TARGET = 11.0;
				MTL_ENABLE_DEBUG_INFO = YES;
				ONLY_ACTIVE_ARCH = YES;
				SDKROOT = iphoneos;
				SWIFT_ACTIVE_COMPILATION_CONDITIONS = DEBUG;
				SWIFT_OPTIMIZATION_LEVEL = "-Onone";
			};
			name = Debug;
		};
		76A95F181F9786CE002749F5 /* Release */ = {
			isa = XCBuildConfiguration;
			buildSettings = {
				ALWAYS_SEARCH_USER_PATHS = NO;
				CLANG_ANALYZER_NONNULL = YES;
				CLANG_ANALYZER_NUMBER_OBJECT_CONVERSION = YES_AGGRESSIVE;
				CLANG_CXX_LANGUAGE_STANDARD = "gnu++14";
				CLANG_CXX_LIBRARY = "libc++";
				CLANG_ENABLE_MODULES = YES;
				CLANG_ENABLE_OBJC_ARC = YES;
				CLANG_WARN_BLOCK_CAPTURE_AUTORELEASING = YES;
				CLANG_WARN_BOOL_CONVERSION = YES;
				CLANG_WARN_COMMA = YES;
				CLANG_WARN_CONSTANT_CONVERSION = YES;
				CLANG_WARN_DIRECT_OBJC_ISA_USAGE = YES_ERROR;
				CLANG_WARN_DOCUMENTATION_COMMENTS = YES;
				CLANG_WARN_EMPTY_BODY = YES;
				CLANG_WARN_ENUM_CONVERSION = YES;
				CLANG_WARN_INFINITE_RECURSION = YES;
				CLANG_WARN_INT_CONVERSION = YES;
				CLANG_WARN_NON_LITERAL_NULL_CONVERSION = YES;
				CLANG_WARN_OBJC_LITERAL_CONVERSION = YES;
				CLANG_WARN_OBJC_ROOT_CLASS = YES_ERROR;
				CLANG_WARN_RANGE_LOOP_ANALYSIS = YES;
				CLANG_WARN_STRICT_PROTOTYPES = YES;
				CLANG_WARN_SUSPICIOUS_MOVE = YES;
				CLANG_WARN_UNGUARDED_AVAILABILITY = YES_AGGRESSIVE;
				CLANG_WARN_UNREACHABLE_CODE = YES;
				CLANG_WARN__DUPLICATE_METHOD_MATCH = YES;
				CODE_SIGN_IDENTITY = "iPhone Developer";
				COPY_PHASE_STRIP = NO;
				DEBUG_INFORMATION_FORMAT = "dwarf-with-dsym";
				ENABLE_NS_ASSERTIONS = NO;
				ENABLE_STRICT_OBJC_MSGSEND = YES;
				GCC_C_LANGUAGE_STANDARD = gnu11;
				GCC_NO_COMMON_BLOCKS = YES;
				GCC_WARN_64_TO_32_BIT_CONVERSION = YES;
				GCC_WARN_ABOUT_RETURN_TYPE = YES_ERROR;
				GCC_WARN_UNDECLARED_SELECTOR = YES;
				GCC_WARN_UNINITIALIZED_AUTOS = YES_AGGRESSIVE;
				GCC_WARN_UNUSED_FUNCTION = YES;
				GCC_WARN_UNUSED_VARIABLE = YES;
				IPHONEOS_DEPLOYMENT_TARGET = 11.0;
				MTL_ENABLE_DEBUG_INFO = NO;
				SDKROOT = iphoneos;
				SWIFT_OPTIMIZATION_LEVEL = "-Owholemodule";
				VALIDATE_PRODUCT = YES;
			};
			name = Release;
		};
		76A95F1A1F9786CE002749F5 /* Debug */ = {
			isa = XCBuildConfiguration;
			buildSettings = {
				ASSETCATALOG_COMPILER_APPICON_NAME = AppIcon;
				CODE_SIGN_STYLE = Automatic;
				INFOPLIST_FILE = "Small Fb/Info.plist";
				LD_RUNPATH_SEARCH_PATHS = "$(inherited) @executable_path/Frameworks";
				PRODUCT_BUNDLE_IDENTIFIER = "com.heitemol.Small-Fb";
				PRODUCT_NAME = "$(TARGET_NAME)";
				SWIFT_VERSION = 4.0;
				TARGETED_DEVICE_FAMILY = "1,2";
			};
			name = Debug;
		};
		76A95F1B1F9786CE002749F5 /* Release */ = {
			isa = XCBuildConfiguration;
			buildSettings = {
				ASSETCATALOG_COMPILER_APPICON_NAME = AppIcon;
				CODE_SIGN_STYLE = Automatic;
				INFOPLIST_FILE = "Small Fb/Info.plist";
				LD_RUNPATH_SEARCH_PATHS = "$(inherited) @executable_path/Frameworks";
				PRODUCT_BUNDLE_IDENTIFIER = "com.heitemol.Small-Fb";
				PRODUCT_NAME = "$(TARGET_NAME)";
				SWIFT_VERSION = 4.0;
				TARGETED_DEVICE_FAMILY = "1,2";
			};
			name = Release;
		};
/* End XCBuildConfiguration section */

/* Begin XCConfigurationList section */
		76A95F021F9786CE002749F5 /* Build configuration list for PBXProject "Small Fb" */ = {
			isa = XCConfigurationList;
			buildConfigurations = (
				76A95F171F9786CE002749F5 /* Debug */,
				76A95F181F9786CE002749F5 /* Release */,
			);
			defaultConfigurationIsVisible = 0;
			defaultConfigurationName = Release;
		};
		76A95F191F9786CE002749F5 /* Build configuration list for PBXNativeTarget "Small Fb" */ = {
			isa = XCConfigurationList;
			buildConfigurations = (
				76A95F1A1F9786CE002749F5 /* Debug */,
				76A95F1B1F9786CE002749F5 /* Release */,
			);
			defaultConfigurationIsVisible = 0;
			defaultConfigurationName = Release;
		};
/* End XCConfigurationList section */
	};
	rootObject = 76A95EFF1F9786CE002749F5 /* Project object */;
}
